<?xml version="1.0" encoding="utf-8"?>
<Project ToolsVersion="4.0" xmlns="http://schemas.microsoft.com/developer/msbuild/2003">
  <ItemGroup>
    <Filter Include="Source Files">
      <UniqueIdentifier>{4FC737F1-C7A5-4376-A066-2A32D752A2FF}</UniqueIdentifier>
      <Extensions>cpp;c;cc;cxx;c++;cppm;ixx;def;odl;idl;hpj;bat;asm;asmx</Extensions>
    </Filter>
    <Filter Include="Header Files">
      <UniqueIdentifier>{93995380-89BD-4b04-88EB-625FBE52EBFB}</UniqueIdentifier>
      <Extensions>h;hh;hpp;hxx;h++;hm;inl;inc;ipp;xsd</Extensions>
    </Filter>
    <Filter Include="Source Files\Core" />
    <Filter Include="Source Files\Engine" />
    <Filter Include="Source Files\Game" />
    <Filter Include="Source Files\Game\Entities" />
    <Filter Include="Source Files\Game\Scripting" />
    <Filter Include="Header Files\Core" />
    <Filter Include="Header Files\Engine" />
    <Filter Include="Header Files\Game" />
    <Filter Include="Header Files\Game\Entities" />
    <Filter Include="Header Files\Game\Scripting" />
    <Filter Include="Scripts" />
    <Filter Include="Scripts\entities" />
  </ItemGroup>
  <ItemGroup>
    <ClCompile Include="src\main.cpp">
      <Filter>Source Files</Filter>
    </ClCompile>
    <ClCompile Include="src\Core\Animation.cpp">
      <Filter>Source Files\Core</Filter>
    </ClCompile>
    <ClCompile Include="src\Core\Input.cpp">
      <Filter>Source Files\Core</Filter>
    </ClCompile>
    <ClCompile Include="src\Engine\Font.cpp">
      <Filter>Source Files\Engine</Filter>
    </ClCompile>
    <ClCompile Include="src\Engine\Renderer.cpp">
      <Filter>Source Files\Engine</Filter>
    </ClCompile>
    <ClCompile Include="src\Engine\SpriteManager.cpp">
      <Filter>Source Files\Engine</Filter>
    </ClCompile>
    <ClCompile Include="src\Engine\Window.cpp">
      <Filter>Source Files\Engine</Filter>
    </ClCompile>
    <ClCompile Include="src\Game\GameLoop.cpp">
      <Filter>Source Files\Game</Filter>
    </ClCompile>
    <ClCompile Include="src\Game\Camera.cpp">
      <Filter>Source Files\Game</Filter>
    </ClCompile>
    <ClCompile Include="src\Game\World.cpp">
      <Filter>Source Files\Game</Filter>
    </ClCompile>
    <ClCompile Include="src\Game\Entities\Entity.cpp">
      <Filter>Source Files\Game\Entities</Filter>
    </ClCompile>
    <ClCompile Include="src\Game\Entities\Unit.cpp">
      <Filter>Source Files\Game\Entities</Filter>
    </ClCompile>
    <ClCompile Include="src\Game\Entities\Player.cpp">
      <Filter>Source Files\Game\Entities</Filter>
    </ClCompile>
    <ClCompile Include="src\Game\Entities\Npc.cpp">
      <Filter>Source Files\Game\Entities</Filter>
    </ClCompile>
    <ClCompile Include="src\Game\Entities\GameObject.cpp">
      <Filter>Source Files\Game\Entities</Filter>
    </ClCompile>
    <ClCompile Include="src\Game\Entities\AreaTrigger.cpp">
      <Filter>Source Files\Game\Entities</Filter>
    </ClCompile>
    <ClCompile Include="src\Game\Entities\ScriptedAreaTrigger.cpp">
      <Filter>Source Files\Game\Entities</Filter>
    </ClCompile>
    <ClCompile Include="src\Game\Scripting\ScriptEngine.cpp">
      <Filter>Source Files\Game\Scripting</Filter>
    </ClCompile>
  </ItemGroup>
  <ItemGroup>
    <ClInclude Include="src\Core\Constants.h">
      <Filter>Header Files\Core</Filter>
    </ClInclude>
    <ClInclude Include="src\Core\Input.h">
      <Filter>Header Files\Core</Filter>
    </ClInclude>
    <ClInclude Include="src\Core\SnapshotBuffer.h">
      <Filter>Header Files\Core</Filter>
    </ClInclude>
    <ClInclude Include="src\Core\Sprite.h">
      <Filter>Header Files\Core</Filter>
    </ClInclude>
    <ClInclude Include="src\Core\SpriteId.h">
      <Filter>Header Files\Core</Filter>
    </ClInclude>
    <ClInclude Include="src\Core\Animation.h">
      <Filter>Header Files\Core</Filter>
    </ClInclude>
    <ClInclude Include="src\Core\RenderFrame.h">
      <Filter>Header Files\Core</Filter>
    </ClInclude>
    <ClInclude Include="src\Engine\Font.h">
      <Filter>Header Files\Engine</Filter>
    </ClInclude>
    <ClInclude Include="src\Engine\D3DUtil.h">
      <Filter>Header Files\Engine</Filter>
    </ClInclude>
    <ClInclude Include="src\Engine\Renderer.h">
      <Filter>Header Files\Engine</Filter>
    </ClInclude>
    <ClInclude Include="src\Engine\SpriteManager.h">
      <Filter>Header Files\Engine</Filter>
    </ClInclude>
    <ClInclude Include="src\Engine\Window.h">
      <Filter>Header Files\Engine</Filter>
    </ClInclude>
    <ClInclude Include="src\Engine\font8x8_basic.h">
      <Filter>Header Files\Engine</Filter>
    </ClInclude>
    <ClInclude Include="src\Game\GameLoop.h">
      <Filter>Header Files\Game</Filter>
    </ClInclude>
    <ClInclude Include="src\Game\Camera.h">
      <Filter>Header Files\Game</Filter>
    </ClInclude>
    <ClInclude Include="src\Game\World.h">
      <Filter>Header Files\Game</Filter>
    </ClInclude>
    <ClInclude Include="src\Game\Entities\Entity.h">
      <Filter>Header Files\Game\Entities</Filter>
    </ClInclude>
    <ClInclude Include="src\Game\Entities\Unit.h">
      <Filter>Header Files\Game\Entities</Filter>
    </ClInclude>
    <ClInclude Include="src\Game\Entities\Player.h">
      <Filter>Header Files\Game\Entities</Filter>
    </ClInclude>
    <ClInclude Include="src\Game\Entities\Npc.h">
      <Filter>Header Files\Game\Entities</Filter>
    </ClInclude>
    <ClInclude Include="src\Game\Entities\GameObject.h">
      <Filter>Header Files\Game\Entities</Filter>
    </ClInclude>
    <ClInclude Include="src\Game\Entities\AreaTrigger.h">
      <Filter>Header Files\Game\Entities</Filter>
    </ClInclude>
    <ClInclude Include="src\Game\Entities\ScriptedAreaTrigger.h">
      <Filter>Header Files\Game\Entities</Filter>
    </ClInclude>
    <ClInclude Include="src\Game\Entities\DamageInfo.h">
      <Filter>Header Files\Game\Entities</Filter>
    </ClInclude>
    <ClInclude Include="src\Game\Scripting\ScriptEngine.h">
      <Filter>Header Files\Game\Scripting</Filter>
    </ClInclude>
  </ItemGroup>
  <ItemGroup>
    <None Include="vcpkg.json" />
    <None Include="scripts\spells.lua">
      <Filter>Scripts</Filter>
    </None>
    <None Include="scripts\entities\firerune.lua">
      <Filter>Scripts\entities</Filter>
    </None>
  </ItemGroup>
</Project>
